// !$*UTF8*$!
{
	archiveVersion = 1;
	classes = {};
	objectVersion = 56;
	objects = {

/* Begin PBXBuildFile section */
		A10000000000000000000001 /* DrivingStudyApp.swift in Sources */ = {isa = PBXBuildFile; fileRef = B10000000000000000000001 /* DrivingStudyApp.swift */; };
		A10000000000000000000002 /* Question.swift in Sources */ = {isa = PBXBuildFile; fileRef = B10000000000000000000002 /* Question.swift */; };
		A10000000000000000000003 /* TestSession.swift in Sources */ = {isa = PBXBuildFile; fileRef = B10000000000000000000003 /* TestSession.swift */; };
		A10000000000000000000004 /* QuestionStatistics.swift in Sources */ = {isa = PBXBuildFile; fileRef = B10000000000000000000004 /* QuestionStatistics.swift */; };
		A10000000000000000000005 /* QuestionRepository.swift in Sources */ = {isa = PBXBuildFile; fileRef = B10000000000000000000005 /* QuestionRepository.swift */; };
		A10000000000000000000006 /* StudyRecords.swift in Sources */ = {isa = PBXBuildFile; fileRef = B10000000000000000000006 /* StudyRecords.swift */; };
		A10000000000000000000007 /* TestGenerator.swift in Sources */ = {isa = PBXBuildFile; fileRef = B10000000000000000000007 /* TestGenerator.swift */; };
		A10000000000000000000008 /* HomeView.swift in Sources */ = {isa = PBXBuildFile; fileRef = B10000000000000000000008 /* HomeView.swift */; };
		A10000000000000000000009 /* Questions.json in Resources */ = {isa = PBXBuildFile; fileRef = B10000000000000000000009 /* Questions.json */; };
		A1000000000000000000000A /* QuestionRepositoryTests.swift in Sources */ = {isa = PBXBuildFile; fileRef = B1000000000000000000000A /* QuestionRepositoryTests.swift */; };
		A1000000000000000000000B /* Questions.json in Resources */ = {isa = PBXBuildFile; fileRef = B10000000000000000000009 /* Questions.json */; };
		A1000000000000000000000C /* TestViewModel.swift in Sources */ = {isa = PBXBuildFile; fileRef = B1000000000000000000000D /* TestViewModel.swift */; };
		A1000000000000000000000D /* TestView.swift in Sources */ = {isa = PBXBuildFile; fileRef = B1000000000000000000000E /* TestView.swift */; };
		A1000000000000000000000E /* TestViewModelTests.swift in Sources */ = {isa = PBXBuildFile; fileRef = B1000000000000000000000F /* TestViewModelTests.swift */; };
		A10000000000000000000010 /* TestEvaluator.swift in Sources */ = {isa = PBXBuildFile; fileRef = B10000000000000000000010 /* TestEvaluator.swift */; };
		A10000000000000000000011 /* ExamPersistenceService.swift in Sources */ = {isa = PBXBuildFile; fileRef = B10000000000000000000011 /* ExamPersistenceService.swift */; };
		A10000000000000000000012 /* ResultsView.swift in Sources */ = {isa = PBXBuildFile; fileRef = B10000000000000000000012 /* ResultsView.swift */; };
		A10000000000000000000013 /* ReviewView.swift in Sources */ = {isa = PBXBuildFile; fileRef = B10000000000000000000013 /* ReviewView.swift */; };
		A10000000000000000000014 /* TestEvaluatorTests.swift in Sources */ = {isa = PBXBuildFile; fileRef = B10000000000000000000014 /* TestEvaluatorTests.swift */; };
		A10000000000000000000015 /* StatisticsCalculator.swift in Sources */ = {isa = PBXBuildFile; fileRef = B10000000000000000000015 /* StatisticsCalculator.swift */; };
		A10000000000000000000016 /* HistoryView.swift in Sources */ = {isa = PBXBuildFile; fileRef = B10000000000000000000016 /* HistoryView.swift */; };
		A10000000000000000000017 /* StatisticsView.swift in Sources */ = {isa = PBXBuildFile; fileRef = B10000000000000000000017 /* StatisticsView.swift */; };
		A10000000000000000000018 /* StatisticsCalculatorTests.swift in Sources */ = {isa = PBXBuildFile; fileRef = B10000000000000000000018 /* StatisticsCalculatorTests.swift */; };
		A10000000000000000000019 /* HistorySnapshotTests.swift in Sources */ = {isa = PBXBuildFile; fileRef = B10000000000000000000019 /* HistorySnapshotTests.swift */; };
		A1000000000000000000001A /* ErrorReviewGenerator.swift in Sources */ = {isa = PBXBuildFile; fileRef = B1000000000000000000001A /* ErrorReviewGenerator.swift */; };
		A1000000000000000000001B /* ErrorReviewPersistenceService.swift in Sources */ = {isa = PBXBuildFile; fileRef = B1000000000000000000001B /* ErrorReviewPersistenceService.swift */; };
		A1000000000000000000001C /* ErrorReviewViewModel.swift in Sources */ = {isa = PBXBuildFile; fileRef = B1000000000000000000001C /* ErrorReviewViewModel.swift */; };
		A1000000000000000000001D /* ErrorReviewView.swift in Sources */ = {isa = PBXBuildFile; fileRef = B1000000000000000000001D /* ErrorReviewView.swift */; };
		A1000000000000000000001E /* ErrorReviewTests.swift in Sources */ = {isa = PBXBuildFile; fileRef = B1000000000000000000001E /* ErrorReviewTests.swift */; };
/* End PBXBuildFile section */

/* Begin PBXContainerItemProxy section */
		C10000000000000000000001 = {isa = PBXContainerItemProxy; containerPortal = J10000000000000000000001; proxyType = 1; remoteGlobalIDString = E10000000000000000000001; remoteInfo = DrivingStudy; };
/* End PBXContainerItemProxy section */

/* Begin PBXFileReference section */
		B10000000000000000000001 /* DrivingStudyApp.swift */ = {isa = PBXFileReference; lastKnownFileType = sourcecode.swift; path = DrivingStudyApp.swift; sourceTree = "<group>"; };
		B10000000000000000000002 /* Question.swift */ = {isa = PBXFileReference; lastKnownFileType = sourcecode.swift; path = Question.swift; sourceTree = "<group>"; };
		B10000000000000000000003 /* TestSession.swift */ = {isa = PBXFileReference; lastKnownFileType = sourcecode.swift; path = TestSession.swift; sourceTree = "<group>"; };
		B10000000000000000000004 /* QuestionStatistics.swift */ = {isa = PBXFileReference; lastKnownFileType = sourcecode.swift; path = QuestionStatistics.swift; sourceTree = "<group>"; };
		B10000000000000000000005 /* QuestionRepository.swift */ = {isa = PBXFileReference; lastKnownFileType = sourcecode.swift; path = QuestionRepository.swift; sourceTree = "<group>"; };
		B10000000000000000000006 /* StudyRecords.swift */ = {isa = PBXFileReference; lastKnownFileType = sourcecode.swift; path = StudyRecords.swift; sourceTree = "<group>"; };
		B10000000000000000000007 /* TestGenerator.swift */ = {isa = PBXFileReference; lastKnownFileType = sourcecode.swift; path = TestGenerator.swift; sourceTree = "<group>"; };
		B10000000000000000000008 /* HomeView.swift */ = {isa = PBXFileReference; lastKnownFileType = sourcecode.swift; path = HomeView.swift; sourceTree = "<group>"; };
		B10000000000000000000009 /* Questions.json */ = {isa = PBXFileReference; lastKnownFileType = text.json; path = Questions.json; sourceTree = "<group>"; };
		B1000000000000000000000A /* QuestionRepositoryTests.swift */ = {isa = PBXFileReference; lastKnownFileType = sourcecode.swift; path = QuestionRepositoryTests.swift; sourceTree = "<group>"; };
		B1000000000000000000000B /* DrivingStudy.app */ = {isa = PBXFileReference; explicitFileType = wrapper.application; includeInIndex = 0; path = DrivingStudy.app; sourceTree = BUILT_PRODUCTS_DIR; };
		B1000000000000000000000C /* DrivingStudyTests.xctest */ = {isa = PBXFileReference; explicitFileType = wrapper.cfbundle; includeInIndex = 0; path = DrivingStudyTests.xctest; sourceTree = BUILT_PRODUCTS_DIR; };
		B1000000000000000000000D /* TestViewModel.swift */ = {isa = PBXFileReference; lastKnownFileType = sourcecode.swift; path = TestViewModel.swift; sourceTree = "<group>"; };
		B1000000000000000000000E /* TestView.swift */ = {isa = PBXFileReference; lastKnownFileType = sourcecode.swift; path = TestView.swift; sourceTree = "<group>"; };
		B1000000000000000000000F /* TestViewModelTests.swift */ = {isa = PBXFileReference; lastKnownFileType = sourcecode.swift; path = TestViewModelTests.swift; sourceTree = "<group>"; };
		B10000000000000000000010 /* TestEvaluator.swift */ = {isa = PBXFileReference; lastKnownFileType = sourcecode.swift; path = TestEvaluator.swift; sourceTree = "<group>"; };
		B10000000000000000000011 /* ExamPersistenceService.swift */ = {isa = PBXFileReference; lastKnownFileType = sourcecode.swift; path = ExamPersistenceService.swift; sourceTree = "<group>"; };
		B10000000000000000000012 /* ResultsView.swift */ = {isa = PBXFileReference; lastKnownFileType = sourcecode.swift; path = ResultsView.swift; sourceTree = "<group>"; };
		B10000000000000000000013 /* ReviewView.swift */ = {isa = PBXFileReference; lastKnownFileType = sourcecode.swift; path = ReviewView.swift; sourceTree = "<group>"; };
		B10000000000000000000014 /* TestEvaluatorTests.swift */ = {isa = PBXFileReference; lastKnownFileType = sourcecode.swift; path = TestEvaluatorTests.swift; sourceTree = "<group>"; };
		B10000000000000000000015 /* StatisticsCalculator.swift */ = {isa = PBXFileReference; lastKnownFileType = sourcecode.swift; path = StatisticsCalculator.swift; sourceTree = "<group>"; };
		B10000000000000000000016 /* HistoryView.swift */ = {isa = PBXFileReference; lastKnownFileType = sourcecode.swift; path = HistoryView.swift; sourceTree = "<group>"; };
		B10000000000000000000017 /* StatisticsView.swift */ = {isa = PBXFileReference; lastKnownFileType = sourcecode.swift; path = StatisticsView.swift; sourceTree = "<group>"; };
		B10000000000000000000018 /* StatisticsCalculatorTests.swift */ = {isa = PBXFileReference; lastKnownFileType = sourcecode.swift; path = StatisticsCalculatorTests.swift; sourceTree = "<group>"; };
		B10000000000000000000019 /* HistorySnapshotTests.swift */ = {isa = PBXFileReference; lastKnownFileType = sourcecode.swift; path = HistorySnapshotTests.swift; sourceTree = "<group>"; };
		B1000000000000000000001A /* ErrorReviewGenerator.swift */ = {isa = PBXFileReference; lastKnownFileType = sourcecode.swift; path = ErrorReviewGenerator.swift; sourceTree = "<group>"; };
		B1000000000000000000001B /* ErrorReviewPersistenceService.swift */ = {isa = PBXFileReference; lastKnownFileType = sourcecode.swift; path = ErrorReviewPersistenceService.swift; sourceTree = "<group>"; };
		B1000000000000000000001C /* ErrorReviewViewModel.swift */ = {isa = PBXFileReference; lastKnownFileType = sourcecode.swift; path = ErrorReviewViewModel.swift; sourceTree = "<group>"; };
		B1000000000000000000001D /* ErrorReviewView.swift */ = {isa = PBXFileReference; lastKnownFileType = sourcecode.swift; path = ErrorReviewView.swift; sourceTree = "<group>"; };
		B1000000000000000000001E /* ErrorReviewTests.swift */ = {isa = PBXFileReference; lastKnownFileType = sourcecode.swift; path = ErrorReviewTests.swift; sourceTree = "<group>"; };
/* End PBXFileReference section */

/* Begin PBXFrameworksBuildPhase section */
		F10000000000000000000001 = {isa = PBXFrameworksBuildPhase; buildActionMask = 2147483647; files = (); runOnlyForDeploymentPostprocessing = 0; };
		F10000000000000000000002 = {isa = PBXFrameworksBuildPhase; buildActionMask = 2147483647; files = (); runOnlyForDeploymentPostprocessing = 0; };
/* End PBXFrameworksBuildPhase section */

/* Begin PBXGroup section */
		D10000000000000000000001 = {isa = PBXGroup; children = (D10000000000000000000002, D10000000000000000000003, D10000000000000000000004, D1000000000000000000000D,); sourceTree = "<group>"; };
		D10000000000000000000002 /* DrivingStudy */ = {isa = PBXGroup; path = .; sourceTree = "<group>"; children = (D10000000000000000000005, D10000000000000000000006, D10000000000000000000007, D10000000000000000000008, D10000000000000000000009, D1000000000000000000000A,); };
		D10000000000000000000003 /* Products */ = {isa = PBXGroup; name = Products; sourceTree = "<group>"; children = (B1000000000000000000000B, B1000000000000000000000C,); };
		D10000000000000000000004 /* Tests */ = {isa = PBXGroup; path = Tests; sourceTree = "<group>"; children = (D1000000000000000000000B,); };
		D10000000000000000000005 /* App */ = {isa = PBXGroup; path = App; sourceTree = "<group>"; children = (B10000000000000000000001,); };
		D10000000000000000000006 /* Models */ = {isa = PBXGroup; path = Models; sourceTree = "<group>"; children = (B10000000000000000000002, B10000000000000000000003, B10000000000000000000004,); };
		D10000000000000000000007 /* Data */ = {isa = PBXGroup; path = Data; sourceTree = "<group>"; children = (B10000000000000000000005,); };
		D10000000000000000000008 /* Storage */ = {isa = PBXGroup; path = Storage; sourceTree = "<group>"; children = (B10000000000000000000006, B10000000000000000000011, B1000000000000000000001B,); };
		D10000000000000000000009 /* Services */ = {isa = PBXGroup; path = Services; sourceTree = "<group>"; children = (B10000000000000000000007, B10000000000000000000010, B10000000000000000000015, B1000000000000000000001A,); };
		D1000000000000000000000A /* Features */ = {isa = PBXGroup; path = Features; sourceTree = "<group>"; children = (D1000000000000000000000C, D1000000000000000000000E, D1000000000000000000000F, D10000000000000000000010, D10000000000000000000012, D10000000000000000000013, D10000000000000000000014,); };
		D1000000000000000000000B /* DrivingStudyTests */ = {isa = PBXGroup; path = DrivingStudyTests; sourceTree = "<group>"; children = (B1000000000000000000000A, B1000000000000000000000F, B10000000000000000000014, B10000000000000000000018, B10000000000000000000019, B1000000000000000000001E,); };
		D1000000000000000000000C /* Home */ = {isa = PBXGroup; path = Home; sourceTree = "<group>"; children = (B10000000000000000000008,); };
		D1000000000000000000000D /* Resources */ = {isa = PBXGroup; path = Resources; sourceTree = "<group>"; children = (B10000000000000000000009,); };
		D1000000000000000000000E /* Test */ = {isa = PBXGroup; path = Test; sourceTree = "<group>"; children = (B1000000000000000000000D, B1000000000000000000000E,); };
		D1000000000000000000000F /* Results */ = {isa = PBXGroup; path = Results; sourceTree = "<group>"; children = (B10000000000000000000012,); };
		D10000000000000000000010 /* Review */ = {isa = PBXGroup; path = Review; sourceTree = "<group>"; children = (B10000000000000000000013,); };
		D10000000000000000000012 /* History */ = {isa = PBXGroup; path = History; sourceTree = "<group>"; children = (B10000000000000000000016,); };
		D10000000000000000000013 /* Statistics */ = {isa = PBXGroup; path = Statistics; sourceTree = "<group>"; children = (B10000000000000000000017,); };
		D10000000000000000000014 /* ReviewErrors */ = {isa = PBXGroup; path = ReviewErrors; sourceTree = "<group>"; children = (B1000000000000000000001C, B1000000000000000000001D,); };
/* End PBXGroup section */

/* Begin PBXNativeTarget section */
		E10000000000000000000001 /* DrivingStudy */ = {isa = PBXNativeTarget; buildConfigurationList = G10000000000000000000001; buildPhases = (F10000000000000000000001, F10000000000000000000007, F10000000000000000000003,); buildRules = (); dependencies = (); name = DrivingStudy; productName = DrivingStudy; productReference = B1000000000000000000000B; productType = "com.apple.product-type.application"; };
		E10000000000000000000002 /* DrivingStudyTests */ = {isa = PBXNativeTarget; buildConfigurationList = G10000000000000000000002; buildPhases = (F10000000000000000000002, F10000000000000000000008, F10000000000000000000005,); buildRules = (); dependencies = (H10000000000000000000001,); name = DrivingStudyTests; productName = DrivingStudyTests; productReference = B1000000000000000000000C; productType = "com.apple.product-type.bundle.unit-test"; };
/* End PBXNativeTarget section */

/* Begin PBXProject section */
		J10000000000000000000001 /* Project object */ = {isa = PBXProject; attributes = {BuildIndependentTargetsInParallel = 1; LastUpgradeCheck = 1600; TargetAttributes = {E10000000000000000000001 = {CreatedOnToolsVersion = 16.0; }; E10000000000000000000002 = {CreatedOnToolsVersion = 16.0; TestTargetID = E10000000000000000000001; }; }; }; buildConfigurationList = G10000000000000000000003; compatibilityVersion = "Xcode 14.0"; developmentRegion = en; hasScannedForEncodings = 0; knownRegions = (en, Base,); mainGroup = D10000000000000000000001; productRefGroup = D10000000000000000000003; projectDirPath = ""; projectRoot = ""; targets = (E10000000000000000000001, E10000000000000000000002,); };
/* End PBXProject section */

/* Begin PBXResourcesBuildPhase section */
		F10000000000000000000003 = {isa = PBXResourcesBuildPhase; buildActionMask = 2147483647; files = (A10000000000000000000009,); runOnlyForDeploymentPostprocessing = 0; };
		F10000000000000000000005 = {isa = PBXResourcesBuildPhase; buildActionMask = 2147483647; files = (A1000000000000000000000B,); runOnlyForDeploymentPostprocessing = 0; };
/* End PBXResourcesBuildPhase section */

/* Begin PBXSourcesBuildPhase section */
		F10000000000000000000007 = {isa = PBXSourcesBuildPhase; buildActionMask = 2147483647; files = (A10000000000000000000001, A10000000000000000000002, A10000000000000000000003, A10000000000000000000004, A10000000000000000000005, A10000000000000000000006, A10000000000000000000007, A10000000000000000000008, A1000000000000000000000C, A1000000000000000000000D, A10000000000000000000010, A10000000000000000000011, A10000000000000000000012, A10000000000000000000013, A10000000000000000000015, A10000000000000000000016, A10000000000000000000017, A1000000000000000000001A, A1000000000000000000001B, A1000000000000000000001C, A1000000000000000000001D,); runOnlyForDeploymentPostprocessing = 0; };
		F10000000000000000000008 = {isa = PBXSourcesBuildPhase; buildActionMask = 2147483647; files = (A1000000000000000000000A, A1000000000000000000000E, A10000000000000000000014, A10000000000000000000018, A10000000000000000000019, A1000000000000000000001E,); runOnlyForDeploymentPostprocessing = 0; };
/* End PBXSourcesBuildPhase section */

/* Begin PBXTargetDependency section */
		H10000000000000000000001 = {isa = PBXTargetDependency; target = E10000000000000000000001; targetProxy = C10000000000000000000001; };
/* End PBXTargetDependency section */

/* Begin XCBuildConfiguration section */
		I10000000000000000000001 = {isa = XCBuildConfiguration; buildSettings = {CODE_SIGN_STYLE = Automatic; CURRENT_PROJECT_VERSION = 1; ENABLE_TESTABILITY = YES; GENERATE_INFOPLIST_FILE = YES; INFOPLIST_KEY_CFBundleDisplayName = "Driving Study"; INFOPLIST_KEY_UIApplicationSceneManifest_Generation = YES; INFOPLIST_KEY_UILaunchScreen_Generation = YES; IPHONEOS_DEPLOYMENT_TARGET = 17.0; MARKETING_VERSION = 1.0; PRODUCT_BUNDLE_IDENTIFIER = com.example.DrivingStudy; PRODUCT_NAME = "$(TARGET_NAME)"; SDKROOT = iphoneos; SUPPORTED_PLATFORMS = "iphoneos iphonesimulator"; SWIFT_VERSION = 5.0; TARGETED_DEVICE_FAMILY = "1,2"; }; name = Debug; isa = XCBuildConfiguration; };
		I10000000000000000000002 = {isa = XCBuildConfiguration; buildSettings = {CODE_SIGN_STYLE = Automatic; CURRENT_PROJECT_VERSION = 1; GENERATE_INFOPLIST_FILE = YES; INFOPLIST_KEY_CFBundleDisplayName = "Driving Study"; INFOPLIST_KEY_UIApplicationSceneManifest_Generation = YES; INFOPLIST_KEY_UILaunchScreen_Generation = YES; IPHONEOS_DEPLOYMENT_TARGET = 17.0; MARKETING_VERSION = 1.0; PRODUCT_BUNDLE_IDENTIFIER = com.example.DrivingStudy; PRODUCT_NAME = "$(TARGET_NAME)"; SDKROOT = iphoneos; SUPPORTED_PLATFORMS = "iphoneos iphonesimulator"; SWIFT_VERSION = 5.0; TARGETED_DEVICE_FAMILY = "1,2"; }; name = Release; isa = XCBuildConfiguration; };
		I10000000000000000000003 = {isa = XCBuildConfiguration; buildSettings = {BUNDLE_LOADER = "$(TEST_HOST)"; CODE_SIGN_STYLE = Automatic; GENERATE_INFOPLIST_FILE = YES; IPHONEOS_DEPLOYMENT_TARGET = 17.0; PRODUCT_BUNDLE_IDENTIFIER = com.example.DrivingStudyTests; PRODUCT_NAME = "$(TARGET_NAME)"; SDKROOT = iphoneos; SUPPORTED_PLATFORMS = "iphoneos iphonesimulator"; SWIFT_VERSION = 5.0; TARGETED_DEVICE_FAMILY = "1,2"; TEST_HOST = "$(BUILT_PRODUCTS_DIR)/DrivingStudy.app/DrivingStudy"; }; name = Debug; isa = XCBuildConfiguration; };
		I10000000000000000000004 = {isa = XCBuildConfiguration; buildSettings = {BUNDLE_LOADER = "$(TEST_HOST)"; CODE_SIGN_STYLE = Automatic; GENERATE_INFOPLIST_FILE = YES; IPHONEOS_DEPLOYMENT_TARGET = 17.0; PRODUCT_BUNDLE_IDENTIFIER = com.example.DrivingStudyTests; PRODUCT_NAME = "$(TARGET_NAME)"; SDKROOT = iphoneos; SUPPORTED_PLATFORMS = "iphoneos iphonesimulator"; SWIFT_VERSION = 5.0; TARGETED_DEVICE_FAMILY = "1,2"; TEST_HOST = "$(BUILT_PRODUCTS_DIR)/DrivingStudy.app/DrivingStudy"; }; name = Release; isa = XCBuildConfiguration; };
		I10000000000000000000005 = {isa = XCBuildConfiguration; buildSettings = {ALWAYS_SEARCH_USER_PATHS = NO; CLANG_ENABLE_MODULES = YES; IPHONEOS_DEPLOYMENT_TARGET = 17.0; SWIFT_VERSION = 5.0; }; name = Debug; };
		I10000000000000000000006 = {isa = XCBuildConfiguration; buildSettings = {ALWAYS_SEARCH_USER_PATHS = NO; CLANG_ENABLE_MODULES = YES; IPHONEOS_DEPLOYMENT_TARGET = 17.0; SWIFT_VERSION = 5.0; }; name = Release; };
/* End XCBuildConfiguration section */

/* Begin XCConfigurationList section */
		G10000000000000000000001 = {isa = XCConfigurationList; buildConfigurations = (I10000000000000000000001, I10000000000000000000002,); defaultConfigurationIsVisible = 0; defaultConfigurationName = Release; };
		G10000000000000000000002 = {isa = XCConfigurationList; buildConfigurations = (I10000000000000000000003, I10000000000000000000004,); defaultConfigurationIsVisible = 0; defaultConfigurationName = Release; };
		G10000000000000000000003 = {isa = XCConfigurationList; buildConfigurations = (I10000000000000000000005, I10000000000000000000006,); defaultConfigurationIsVisible = 0; defaultConfigurationName = Release; };
/* End XCConfigurationList section */
	};
	rootObject = J10000000000000000000001;
}
